# This file is @generated by PDM.
# It is not intended for manual editing.

[metadata]
groups = ["default"]
strategy = ["inherit_metadata"]
lock_version = "4.5.0"
content_hash = "sha256:978a8c75a660a6e7775971f23ff00cf54c737af3be72beab1230283b13457c70"

[[metadata.targets]]
requires_python = "==3.12.*"

[[package]]
name = "clang-format"
version = "21.1.2"
summary = "Clang-Format is an LLVM-based code formatting tool"
groups = ["default"]
files = [
    {file = "clang_format-21.1.2-py2.py3-none-macosx_10_9_x86_64.whl", hash = "sha256:00498efb43d60d7ac4195362009a79936d26145a9a90cdfa7a6013a62ab3c40c"},
    {file = "clang_format-21.1.2-py2.py3-none-macosx_11_0_arm64.whl", hash = "sha256:fc034652dee24583633177d800bc9deebcc9c65eb7ab53b25bbd0fbd443392a9"},
    {file = "clang_format-21.1.2-py2.py3-none-manylinux_2_26_aarch64.manylinux_2_28_aarch64.whl", hash = "sha256:f66d2bcf98df1373df6ab4544a2b881e9816985b606e1144e4c77dc8ac87b826"},
    {file = "clang_format-21.1.2-py2.py3-none-manylinux_2_26_i686.manylinux_2_28_i686.whl", hash = "sha256:7e0e98f39f16b93c8740028148c72f9ba64d0a43f51a15fb0e861610c1e1e573"},
    {file = "clang_format-21.1.2-py2.py3-none-manylinux_2_26_ppc64le.manylinux_2_28_ppc64le.whl", hash = "sha256:95e74c050cb5246a88ba7306c82dc3a7d6adb5145f49d188d5602967e4133336"},
    {file = "clang_format-21.1.2-py2.py3-none-manylinux_2_26_s390x.manylinux_2_28_s390x.whl", hash = "sha256:00f4459773ee3e8c0e20578ee800da1fa7fac98c4b0053e13afa450baca0764c"},
    {file = "clang_format-21.1.2-py2.py3-none-manylinux_2_27_x86_64.manylinux_2_28_x86_64.whl", hash = "sha256:6d7caf74fe89154258ddfd63984c98ffe902ef98f013ac517178fc44d72861ff"},
    {file = "clang_format-21.1.2-py2.py3-none-manylinux_2_31_armv7l.whl", hash = "sha256:5ddf9afd329c2788998a1563f98cc2a0b911497bc79bc22b7d44fd1471c047de"},
    {file = "clang_format-21.1.2-py2.py3-none-musllinux_1_2_aarch64.whl", hash = "sha256:a1fe2ad12b6779b0e60e43ffe57947f51ea9fe4d5887452a31266bb6bb966195"},
    {file = "clang_format-21.1.2-py2.py3-none-musllinux_1_2_armv7l.whl", hash = "sha256:ddd64f677912253801e639f2bbe19dfe4b2ac645ddcac340f784b290603c6dd1"},
    {file = "clang_format-21.1.2-py2.py3-none-musllinux_1_2_i686.whl", hash = "sha256:2d27cf0914430a73886d9a754f08ebccc21048196d958a21d9d47e2632f14b23"},
    {file = "clang_format-21.1.2-py2.py3-none-musllinux_1_2_ppc64le.whl", hash = "sha256:fbf860495fa096cacd8496d5220b69d2af66f8a55291d09cc03e54ad0e48aac0"},
    {file = "clang_format-21.1.2-py2.py3-none-musllinux_1_2_s390x.whl", hash = "sha256:8d54ab01eec27899d104f32f3e7f02032174f88d4f72ba1781b209898ae5407c"},
    {file = "clang_format-21.1.2-py2.py3-none-musllinux_1_2_x86_64.whl", hash = "sha256:c840849580eb5ad937f0a7fb1b938609e905756ad27d7e63f20ab929d6c0fc8d"},
    {file = "clang_format-21.1.2-py2.py3-none-win32.whl", hash = "sha256:f316245a46dd9b26baaed33de149e06155ac09166846d9340107779306448b7d"},
    {file = "clang_format-21.1.2-py2.py3-none-win_amd64.whl", hash = "sha256:c98e195a50c0fa40bb058449511b1b681ca7ad553579aa32425f0cfeca8d81ce"},
    {file = "clang_format-21.1.2-py2.py3-none-win_arm64.whl", hash = "sha256:4071409d8b2cadeab72b0d56111c1703731ee954b686ad0e532c25d9652c3d14"},
    {file = "clang_format-21.1.2.tar.gz", hash = "sha256:8a72398bdcd5e3465dbf10882672f8a51b0beb7a6d8cf4f945d00b6523b4cf91"},
]

[[package]]
name = "numpy"
version = "2.3.4"
requires_python = ">=3.11"
summary = "Fundamental package for array computing in Python"
groups = ["default"]
files = [
    {file = "numpy-2.3.4-cp312-cp312-macosx_10_13_x86_64.whl", hash = "sha256:ef1b5a3e808bc40827b5fa2c8196151a4c5abe110e1726949d7abddfe5c7ae11"},
    {file = "numpy-2.3.4-cp312-cp312-macosx_11_0_arm64.whl", hash = "sha256:c2f91f496a87235c6aaf6d3f3d89b17dba64996abadccb289f48456cff931ca9"},
    {file = "numpy-2.3.4-cp312-cp312-macosx_14_0_arm64.whl", hash = "sha256:f77e5b3d3da652b474cc80a14084927a5e86a5eccf54ca8ca5cbd697bf7f2667"},
    {file = "numpy-2.3.4-cp312-cp312-macosx_14_0_x86_64.whl", hash = "sha256:8ab1c5f5ee40d6e01cbe96de5863e39b215a4d24e7d007cad56c7184fdf4aeef"},
    {file = "numpy-2.3.4-cp312-cp312-manylinux_2_27_aarch64.manylinux_2_28_aarch64.whl", hash = "sha256:77b84453f3adcb994ddbd0d1c5d11db2d6bda1a2b7fd5ac5bd4649d6f5dc682e"},
    {file = "numpy-2.3.4-cp312-cp312-manylinux_2_27_x86_64.manylinux_2_28_x86_64.whl", hash = "sha256:4121c5beb58a7f9e6dfdee612cb24f4df5cd4db6e8261d7f4d7450a997a65d6a"},
    {file = "numpy-2.3.4-cp312-cp312-musllinux_1_2_aarch64.whl", hash = "sha256:65611ecbb00ac9846efe04db15cbe6186f562f6bb7e5e05f077e53a599225d16"},
    {file = "numpy-2.3.4-cp312-cp312-musllinux_1_2_x86_64.whl", hash = "sha256:dabc42f9c6577bcc13001b8810d300fe814b4cfbe8a92c873f269484594f9786"},
    {file = "numpy-2.3.4-cp312-cp312-win32.whl", hash = "sha256:a49d797192a8d950ca59ee2d0337a4d804f713bb5c3c50e8db26d49666e351dc"},
    {file = "numpy-2.3.4-cp312-cp312-win_amd64.whl", hash = "sha256:985f1e46358f06c2a09921e8921e2c98168ed4ae12ccd6e5e87a4f1857923f32"},
    {file = "numpy-2.3.4-cp312-cp312-win_arm64.whl", hash = "sha256:4635239814149e06e2cb9db3dd584b2fa64316c96f10656983b8026a82e6e4db"},
    {file = "numpy-2.3.4.tar.gz", hash = "sha256:a7d018bfedb375a8d979ac758b120ba846a7fe764911a64465fd87b8729f4a6a"},
]
